
Microsoft Visual Studio Solution File, Format Version 12.00
# Visual Studio 14
VisualStudioVersion = 14.0.24720.0
MinimumVisualStudioVersion = 10.0.40219.1
Project("{FAE04EC0-301F-11D3-BF4B-00C04F79EFBC}") = "projektverwaltung", "projektverwaltung\projektverwaltung.csproj", "{4F71DD39-1A8B-45AF-8BE9-E5FA85D01B48}"
EndProject
Project("{FAE04EC0-301F-11D3-BF4B-00C04F79EFBC}") = "projektverwaltung.Tests", "projektverwaltung.Tests\projektverwaltung.Tests.csproj", "{54B7F649-717D-4B64-B372-0161A8A4B3FD}"
EndProject
Global
	GlobalSection(SolutionConfigurationPlatforms) = preSolution
		Debug|Any CPU = Debug|Any CPU
		Release|Any CPU = Release|Any CPU
	EndGlobalSection
	GlobalSection(ProjectConfigurationPlatforms) = postSolution
		{4F71DD39-1A8B-45AF-8BE9-E5FA85D01B48}.Debug|Any CPU.ActiveCfg = Debug|Any CPU
		{4F71DD39-1A8B-45AF-8BE9-E5FA85D01B48}.Debug|Any CPU.Build.0 = Debug|Any CPU
		{4F71DD39-1A8B-45AF-8BE9-E5FA85D01B48}.Release|Any CPU.ActiveCfg = Release|Any CPU
		{4F71DD39-1A8B-45AF-8BE9-E5FA85D01B48}.Release|Any CPU.Build.0 = Release|Any CPU
		{54B7F649-717D-4B64-B372-0161A8A4B3FD}.Debug|Any CPU.ActiveCfg = Debug|Any CPU
		{54B7F649-717D-4B64-B372-0161A8A4B3FD}.Debug|Any CPU.Build.0 = Debug|Any CPU
		{54B7F649-717D-4B64-B372-0161A8A4B3FD}.Release|Any CPU.ActiveCfg = Release|Any CPU
		{54B7F649-717D-4B64-B372-0161A8A4B3FD}.Release|Any CPU.Build.0 = Release|Any CPU
	EndGlobalSection
	GlobalSection(SolutionProperties) = preSolution
		HideSolutionNode = FALSE
	EndGlobalSection
EndGlobal
